
Microsoft Visual Studio Solution File, Format Version 12.00
# Visual Studio Version 17
VisualStudioVersion = 17.10.35013.160
MinimumVisualStudioVersion = 10.0.40219.1
Project("{FAE04EC0-301F-11D3-BF4B-00C04F79EFBC}") = "CarShop.Web", "CarShop.Web\CarShop.Web.csproj", "{F3758171-40AC-4B03-909B-C3AAF0360EC2}"
EndProject
Project("{FAE04EC0-301F-11D3-BF4B-00C04F79EFBC}") = "CarShop.Web.ViewModels", "CarShop.Web.ViewModels\CarShop.Web.ViewModels.csproj", "{00565D27-8DB9-4C27-A1AC-17B29F44BCB2}"
EndProject
Project("{FAE04EC0-301F-11D3-BF4B-00C04F79EFBC}") = "CarShop.Common", "CarShop.Common\CarShop.Common.csproj", "{D6B537DA-6081-44D5-B408-1E32C2CE580A}"
EndProject
Project("{FAE04EC0-301F-11D3-BF4B-00C04F79EFBC}") = "CarShop.Data.Models", "CarShop.Data.Models\CarShop.Data.Models.csproj", "{FEDF51B7-ADAF-4C4E-AB21-B6DEECD95298}"
EndProject
Project("{2150E333-8FDC-42A3-9474-1A3956D46DE8}") = "Web", "Web", "{510B1E03-4C10-44D4-AE1C-B26900C570A4}"
EndProject
Project("{2150E333-8FDC-42A3-9474-1A3956D46DE8}") = "Data", "Data", "{97688EF9-D1FE-45C7-9DE1-378213EB3F4B}"
EndProject
Project("{FAE04EC0-301F-11D3-BF4B-00C04F79EFBC}") = "CarShop.Data", "CarShop.Data\CarShop.Data.csproj", "{AFF7E41E-2FBB-471C-97C1-22AC248E4190}"
EndProject
Global
	GlobalSection(SolutionConfigurationPlatforms) = preSolution
		Debug|Any CPU = Debug|Any CPU
		Release|Any CPU = Release|Any CPU
	EndGlobalSection
	GlobalSection(ProjectConfigurationPlatforms) = postSolution
		{F3758171-40AC-4B03-909B-C3AAF0360EC2}.Debug|Any CPU.ActiveCfg = Debug|Any CPU
		{F3758171-40AC-4B03-909B-C3AAF0360EC2}.Debug|Any CPU.Build.0 = Debug|Any CPU
		{F3758171-40AC-4B03-909B-C3AAF0360EC2}.Release|Any CPU.ActiveCfg = Release|Any CPU
		{F3758171-40AC-4B03-909B-C3AAF0360EC2}.Release|Any CPU.Build.0 = Release|Any CPU
		{00565D27-8DB9-4C27-A1AC-17B29F44BCB2}.Debug|Any CPU.ActiveCfg = Debug|Any CPU
		{00565D27-8DB9-4C27-A1AC-17B29F44BCB2}.Debug|Any CPU.Build.0 = Debug|Any CPU
		{00565D27-8DB9-4C27-A1AC-17B29F44BCB2}.Release|Any CPU.ActiveCfg = Release|Any CPU
		{00565D27-8DB9-4C27-A1AC-17B29F44BCB2}.Release|Any CPU.Build.0 = Release|Any CPU
		{D6B537DA-6081-44D5-B408-1E32C2CE580A}.Debug|Any CPU.ActiveCfg = Debug|Any CPU
		{D6B537DA-6081-44D5-B408-1E32C2CE580A}.Debug|Any CPU.Build.0 = Debug|Any CPU
		{D6B537DA-6081-44D5-B408-1E32C2CE580A}.Release|Any CPU.ActiveCfg = Release|Any CPU
		{D6B537DA-6081-44D5-B408-1E32C2CE580A}.Release|Any CPU.Build.0 = Release|Any CPU
		{FEDF51B7-ADAF-4C4E-AB21-B6DEECD95298}.Debug|Any CPU.ActiveCfg = Debug|Any CPU
		{FEDF51B7-ADAF-4C4E-AB21-B6DEECD95298}.Debug|Any CPU.Build.0 = Debug|Any CPU
		{FEDF51B7-ADAF-4C4E-AB21-B6DEECD95298}.Release|Any CPU.ActiveCfg = Release|Any CPU
		{FEDF51B7-ADAF-4C4E-AB21-B6DEECD95298}.Release|Any CPU.Build.0 = Release|Any CPU
		{AFF7E41E-2FBB-471C-97C1-22AC248E4190}.Debug|Any CPU.ActiveCfg = Debug|Any CPU
		{AFF7E41E-2FBB-471C-97C1-22AC248E4190}.Debug|Any CPU.Build.0 = Debug|Any CPU
		{AFF7E41E-2FBB-471C-97C1-22AC248E4190}.Release|Any CPU.ActiveCfg = Release|Any CPU
		{AFF7E41E-2FBB-471C-97C1-22AC248E4190}.Release|Any CPU.Build.0 = Release|Any CPU
	EndGlobalSection
	GlobalSection(SolutionProperties) = preSolution
		HideSolutionNode = FALSE
	EndGlobalSection
	GlobalSection(NestedProjects) = preSolution
		{F3758171-40AC-4B03-909B-C3AAF0360EC2} = {510B1E03-4C10-44D4-AE1C-B26900C570A4}
		{00565D27-8DB9-4C27-A1AC-17B29F44BCB2} = {510B1E03-4C10-44D4-AE1C-B26900C570A4}
		{FEDF51B7-ADAF-4C4E-AB21-B6DEECD95298} = {97688EF9-D1FE-45C7-9DE1-378213EB3F4B}
		{AFF7E41E-2FBB-471C-97C1-22AC248E4190} = {97688EF9-D1FE-45C7-9DE1-378213EB3F4B}
	EndGlobalSection
	GlobalSection(ExtensibilityGlobals) = postSolution
		SolutionGuid = {0A1C19DA-B2E1-4920-AE09-F6F0375E6209}
	EndGlobalSection
EndGlobal
